
Microsoft Visual Studio Solution File, Format Version 12.00
# Visual Studio 15
VisualStudioVersion = 15.0.26430.6
MinimumVisualStudioVersion = 10.0.40219.1
Project("{FAE04EC0-301F-11D3-BF4B-00C04F79EFBC}") = "Saraff.Twain", "Saraff.Twain.csproj", "{658F9851-4D1C-4D57-904E-F9D7DA7F24FC}"
EndProject
Global
	GlobalSection(SolutionConfigurationPlatforms) = preSolution
		Debug|Any CPU = Debug|Any CPU
		Release|Any CPU = Release|Any CPU
	EndGlobalSection
	GlobalSection(ProjectConfigurationPlatforms) = postSolution
		{658F9851-4D1C-4D57-904E-F9D7DA7F24FC}.Debug|Any CPU.ActiveCfg = Debug|Any CPU
		{658F9851-4D1C-4D57-904E-F9D7DA7F24FC}.Debug|Any CPU.Build.0 = Debug|Any CPU
		{658F9851-4D1C-4D57-904E-F9D7DA7F24FC}.Release|Any CPU.ActiveCfg = Release|Any CPU
		{658F9851-4D1C-4D57-904E-F9D7DA7F24FC}.Release|Any CPU.Build.0 = Release|Any CPU
	EndGlobalSection
	GlobalSection(SolutionProperties) = preSolution
		HideSolutionNode = FALSE
	EndGlobalSection
EndGlobal
